// !$*UTF8*$!
{
	archiveVersion = 1;
	classes = {
	};
	objectVersion = 50;
	objects = {

/* Begin PBXBuildFile section */
		8273B4BE25CE09CE0053DB6D /* AppDelegate.swift in Sources */ = {isa = PBXBuildFile; fileRef = 8273B4BD25CE09CE0053DB6D /* AppDelegate.swift */; };
		8273B4C025CE09CE0053DB6D /* SceneDelegate.swift in Sources */ = {isa = PBXBuildFile; fileRef = 8273B4BF25CE09CE0053DB6D /* SceneDelegate.swift */; };
		8273B4C225CE09CE0053DB6D /* MealTableViewController.swift in Sources */ = {isa = PBXBuildFile; fileRef = 8273B4C125CE09CE0053DB6D /* MealTableViewController.swift */; };
		8273B4C525CE09CE0053DB6D /* Main.storyboard in Resources */ = {isa = PBXBuildFile; fileRef = 8273B4C325CE09CE0053DB6D /* Main.storyboard */; };
		8273B4C725CE09CF0053DB6D /* Assets.xcassets in Resources */ = {isa = PBXBuildFile; fileRef = 8273B4C625CE09CF0053DB6D /* Assets.xcassets */; };
		8273B4CA25CE09CF0053DB6D /* LaunchScreen.storyboard in Resources */ = {isa = PBXBuildFile; fileRef = 8273B4C825CE09CF0053DB6D /* LaunchScreen.storyboard */; };
		8273B4D525CE09CF0053DB6D /* somali_iosTests.swift in Sources */ = {isa = PBXBuildFile; fileRef = 8273B4D425CE09CF0053DB6D /* somali_iosTests.swift */; };
		8273B4E025CE09CF0053DB6D /* somali_iosUITests.swift in Sources */ = {isa = PBXBuildFile; fileRef = 8273B4DF25CE09CF0053DB6D /* somali_iosUITests.swift */; };
		8273B4EF25CE11710053DB6D /* Meal.swift in Sources */ = {isa = PBXBuildFile; fileRef = 8273B4EE25CE11710053DB6D /* Meal.swift */; };
		8273B4F225CE15B50053DB6D /* MealTableViewCell.swift in Sources */ = {isa = PBXBuildFile; fileRef = 8273B4F125CE15B50053DB6D /* MealTableViewCell.swift */; };
		8273B4F425CE16FA0053DB6D /* RatingControl.swift in Sources */ = {isa = PBXBuildFile; fileRef = 8273B4F325CE16FA0053DB6D /* RatingControl.swift */; };
		8273B4FB25CE3F9D0053DB6D /* MealViewController.swift in Sources */ = {isa = PBXBuildFile; fileRef = 8273B4FA25CE3F9D0053DB6D /* MealViewController.swift */; };
/* End PBXBuildFile section */

/* Begin PBXContainerItemProxy section */
		8273B4D125CE09CF0053DB6D /* PBXContainerItemProxy */ = {
			isa = PBXContainerItemProxy;
			containerPortal = 8273B4B225CE09CE0053DB6D /* Project object */;
			proxyType = 1;
			remoteGlobalIDString = 8273B4B925CE09CE0053DB6D;
			remoteInfo = "somali-ios";
		};
		8273B4DC25CE09CF0053DB6D /* PBXContainerItemProxy */ = {
			isa = PBXContainerItemProxy;
			containerPortal = 8273B4B225CE09CE0053DB6D /* Project object */;
			proxyType = 1;
			remoteGlobalIDString = 8273B4B925CE09CE0053DB6D;
			remoteInfo = "somali-ios";
		};
/* End PBXContainerItemProxy section */

/* Begin PBXFileReference section */
		8273B4BA25CE09CE0053DB6D /* somali-ios.app */ = {isa = PBXFileReference; explicitFileType = wrapper.application; includeInIndex = 0; path = "somali-ios.app"; sourceTree = BUILT_PRODUCTS_DIR; };
		8273B4BD25CE09CE0053DB6D /* AppDelegate.swift */ = {isa = PBXFileReference; lastKnownFileType = sourcecode.swift; path = AppDelegate.swift; sourceTree = "<group>"; };
		8273B4BF25CE09CE0053DB6D /* SceneDelegate.swift */ = {isa = PBXFileReference; lastKnownFileType = sourcecode.swift; path = SceneDelegate.swift; sourceTree = "<group>"; };
		8273B4C125CE09CE0053DB6D /* MealTableViewController.swift */ = {isa = PBXFileReference; lastKnownFileType = sourcecode.swift; path = MealTableViewController.swift; sourceTree = "<group>"; };
		8273B4C425CE09CE0053DB6D /* Base */ = {isa = PBXFileReference; lastKnownFileType = file.storyboard; name = Base; path = Base.lproj/Main.storyboard; sourceTree = "<group>"; };
		8273B4C625CE09CF0053DB6D /* Assets.xcassets */ = {isa = PBXFileReference; lastKnownFileType = folder.assetcatalog; path = Assets.xcassets; sourceTree = "<group>"; };
		8273B4C925CE09CF0053DB6D /* Base */ = {isa = PBXFileReference; lastKnownFileType = file.storyboard; name = Base; path = Base.lproj/LaunchScreen.storyboard; sourceTree = "<group>"; };
		8273B4CB25CE09CF0053DB6D /* Info.plist */ = {isa = PBXFileReference; lastKnownFileType = text.plist.xml; path = Info.plist; sourceTree = "<group>"; };
		8273B4D025CE09CF0053DB6D /* somali-iosTests.xctest */ = {isa = PBXFileReference; explicitFileType = wrapper.cfbundle; includeInIndex = 0; path = "somali-iosTests.xctest"; sourceTree = BUILT_PRODUCTS_DIR; };
		8273B4D425CE09CF0053DB6D /* somali_iosTests.swift */ = {isa = PBXFileReference; lastKnownFileType = sourcecode.swift; path = somali_iosTests.swift; sourceTree = "<group>"; };
		8273B4D625CE09CF0053DB6D /* Info.plist */ = {isa = PBXFileReference; lastKnownFileType = text.plist.xml; path = Info.plist; sourceTree = "<group>"; };
		8273B4DB25CE09CF0053DB6D /* somali-iosUITests.xctest */ = {isa = PBXFileReference; explicitFileType = wrapper.cfbundle; includeInIndex = 0; path = "somali-iosUITests.xctest"; sourceTree = BUILT_PRODUCTS_DIR; };
		8273B4DF25CE09CF0053DB6D /* somali_iosUITests.swift */ = {isa = PBXFileReference; lastKnownFileType = sourcecode.swift; path = somali_iosUITests.swift; sourceTree = "<group>"; };
		8273B4E125CE09CF0053DB6D /* Info.plist */ = {isa = PBXFileReference; lastKnownFileType = text.plist.xml; path = Info.plist; sourceTree = "<group>"; };
		8273B4EE25CE11710053DB6D /* Meal.swift */ = {isa = PBXFileReference; lastKnownFileType = sourcecode.swift; path = Meal.swift; sourceTree = "<group>"; };
		8273B4F125CE15B50053DB6D /* MealTableViewCell.swift */ = {isa = PBXFileReference; lastKnownFileType = sourcecode.swift; path = MealTableViewCell.swift; sourceTree = "<group>"; };
		8273B4F325CE16FA0053DB6D /* RatingControl.swift */ = {isa = PBXFileReference; lastKnownFileType = sourcecode.swift; path = RatingControl.swift; sourceTree = "<group>"; };
		8273B4FA25CE3F9D0053DB6D /* MealViewController.swift */ = {isa = PBXFileReference; lastKnownFileType = sourcecode.swift; path = MealViewController.swift; sourceTree = "<group>"; };
/* End PBXFileReference section */

/* Begin PBXFrameworksBuildPhase section */
		8273B4B725CE09CE0053DB6D /* Frameworks */ = {
			isa = PBXFrameworksBuildPhase;
			buildActionMask = 2147483647;
			files = (
			);
			runOnlyForDeploymentPostprocessing = 0;
		};
		8273B4CD25CE09CF0053DB6D /* Frameworks */ = {
			isa = PBXFrameworksBuildPhase;
			buildActionMask = 2147483647;
			files = (
			);
			runOnlyForDeploymentPostprocessing = 0;
		};
		8273B4D825CE09CF0053DB6D /* Frameworks */ = {
			isa = PBXFrameworksBuildPhase;
			buildActionMask = 2147483647;
			files = (
			);
			runOnlyForDeploymentPostprocessing = 0;
		};
/* End PBXFrameworksBuildPhase section */

/* Begin PBXGroup section */
		8273B4B125CE09CE0053DB6D = {
			isa = PBXGroup;
			children = (
				8273B4BC25CE09CE0053DB6D /* somali-ios */,
				8273B4D325CE09CF0053DB6D /* somali-iosTests */,
				8273B4DE25CE09CF0053DB6D /* somali-iosUITests */,
				8273B4BB25CE09CE0053DB6D /* Products */,
			);
			sourceTree = "<group>";
		};
		8273B4BB25CE09CE0053DB6D /* Products */ = {
			isa = PBXGroup;
			children = (
				8273B4BA25CE09CE0053DB6D /* somali-ios.app */,
				8273B4D025CE09CF0053DB6D /* somali-iosTests.xctest */,
				8273B4DB25CE09CF0053DB6D /* somali-iosUITests.xctest */,
			);
			name = Products;
			sourceTree = "<group>";
		};
		8273B4BC25CE09CE0053DB6D /* somali-ios */ = {
			isa = PBXGroup;
			children = (
				8273B4F525CE2D460053DB6D /* viewcontrollers */,
				8273B4F025CE15A50053DB6D /* views */,
				8273B4ED25CE11600053DB6D /* data */,
				8273B4BD25CE09CE0053DB6D /* AppDelegate.swift */,
				8273B4BF25CE09CE0053DB6D /* SceneDelegate.swift */,
				8273B4C325CE09CE0053DB6D /* Main.storyboard */,
				8273B4C625CE09CF0053DB6D /* Assets.xcassets */,
				8273B4C825CE09CF0053DB6D /* LaunchScreen.storyboard */,
				8273B4CB25CE09CF0053DB6D /* Info.plist */,
			);
			path = "somali-ios";
			sourceTree = "<group>";
		};
		8273B4D325CE09CF0053DB6D /* somali-iosTests */ = {
			isa = PBXGroup;
			children = (
				8273B4D425CE09CF0053DB6D /* somali_iosTests.swift */,
				8273B4D625CE09CF0053DB6D /* Info.plist */,
			);
			path = "somali-iosTests";
			sourceTree = "<group>";
		};
		8273B4DE25CE09CF0053DB6D /* somali-iosUITests */ = {
			isa = PBXGroup;
			children = (
				8273B4DF25CE09CF0053DB6D /* somali_iosUITests.swift */,
				8273B4E125CE09CF0053DB6D /* Info.plist */,
			);
			path = "somali-iosUITests";
			sourceTree = "<group>";
		};
		8273B4ED25CE11600053DB6D /* data */ = {
			isa = PBXGroup;
			children = (
				8273B4EE25CE11710053DB6D /* Meal.swift */,
			);
			path = data;
			sourceTree = "<group>";
		};
		8273B4F025CE15A50053DB6D /* views */ = {
			isa = PBXGroup;
			children = (
				8273B4F125CE15B50053DB6D /* MealTableViewCell.swift */,
				8273B4F325CE16FA0053DB6D /* RatingControl.swift */,
			);
			path = views;
			sourceTree = "<group>";
		};
		8273B4F525CE2D460053DB6D /* viewcontrollers */ = {
			isa = PBXGroup;
			children = (
				8273B4C125CE09CE0053DB6D /* MealTableViewController.swift */,
				8273B4FA25CE3F9D0053DB6D /* MealViewController.swift */,
			);
			path = viewcontrollers;
			sourceTree = "<group>";
		};
/* End PBXGroup section */

/* Begin PBXNativeTarget section */
		8273B4B925CE09CE0053DB6D /* somali-ios */ = {
			isa = PBXNativeTarget;
			buildConfigurationList = 8273B4E425CE09CF0053DB6D /* Build configuration list for PBXNativeTarget "somali-ios" */;
			buildPhases = (
				8273B4B625CE09CE0053DB6D /* Sources */,
				8273B4B725CE09CE0053DB6D /* Frameworks */,
				8273B4B825CE09CE0053DB6D /* Resources */,
			);
			buildRules = (
			);
			dependencies = (
			);
			name = "somali-ios";
			productName = "somali-ios";
			productReference = 8273B4BA25CE09CE0053DB6D /* somali-ios.app */;
			productType = "com.apple.product-type.application";
		};
		8273B4CF25CE09CF0053DB6D /* somali-iosTests */ = {
			isa = PBXNativeTarget;
			buildConfigurationList = 8273B4E725CE09CF0053DB6D /* Build configuration list for PBXNativeTarget "somali-iosTests" */;
			buildPhases = (
				8273B4CC25CE09CF0053DB6D /* Sources */,
				8273B4CD25CE09CF0053DB6D /* Frameworks */,
				8273B4CE25CE09CF0053DB6D /* Resources */,
			);
			buildRules = (
			);
			dependencies = (
				8273B4D225CE09CF0053DB6D /* PBXTargetDependency */,
			);
			name = "somali-iosTests";
			productName = "somali-iosTests";
			productReference = 8273B4D025CE09CF0053DB6D /* somali-iosTests.xctest */;
			productType = "com.apple.product-type.bundle.unit-test";
		};
		8273B4DA25CE09CF0053DB6D /* somali-iosUITests */ = {
			isa = PBXNativeTarget;
			buildConfigurationList = 8273B4EA25CE09CF0053DB6D /* Build configuration list for PBXNativeTarget "somali-iosUITests" */;
			buildPhases = (
				8273B4D725CE09CF0053DB6D /* Sources */,
				8273B4D825CE09CF0053DB6D /* Frameworks */,
				8273B4D925CE09CF0053DB6D /* Resources */,
			);
			buildRules = (
			);
			dependencies = (
				8273B4DD25CE09CF0053DB6D /* PBXTargetDependency */,
			);
			name = "somali-iosUITests";
			productName = "somali-iosUITests";
			productReference = 8273B4DB25CE09CF0053DB6D /* somali-iosUITests.xctest */;
			productType = "com.apple.product-type.bundle.ui-testing";
		};
/* End PBXNativeTarget section */

/* Begin PBXProject section */
		8273B4B225CE09CE0053DB6D /* Project object */ = {
			isa = PBXProject;
			attributes = {
				LastSwiftUpdateCheck = 1130;
				LastUpgradeCheck = 1130;
				ORGANIZATIONNAME = greta.chang;
				TargetAttributes = {
					8273B4B925CE09CE0053DB6D = {
						CreatedOnToolsVersion = 11.3.1;
					};
					8273B4CF25CE09CF0053DB6D = {
						CreatedOnToolsVersion = 11.3.1;
						TestTargetID = 8273B4B925CE09CE0053DB6D;
					};
					8273B4DA25CE09CF0053DB6D = {
						CreatedOnToolsVersion = 11.3.1;
						TestTargetID = 8273B4B925CE09CE0053DB6D;
					};
				};
			};
			buildConfigurationList = 8273B4B525CE09CE0053DB6D /* Build configuration list for PBXProject "somali-ios" */;
			compatibilityVersion = "Xcode 9.3";
			developmentRegion = en;
			hasScannedForEncodings = 0;
			knownRegions = (
				en,
				Base,
			);
			mainGroup = 8273B4B125CE09CE0053DB6D;
			productRefGroup = 8273B4BB25CE09CE0053DB6D /* Products */;
			projectDirPath = "";
			projectRoot = "";
			targets = (
				8273B4B925CE09CE0053DB6D /* somali-ios */,
				8273B4CF25CE09CF0053DB6D /* somali-iosTests */,
				8273B4DA25CE09CF0053DB6D /* somali-iosUITests */,
			);
		};
/* End PBXProject section */

/* Begin PBXResourcesBuildPhase section */
		8273B4B825CE09CE0053DB6D /* Resources */ = {
			isa = PBXResourcesBuildPhase;
			buildActionMask = 2147483647;
			files = (
				8273B4CA25CE09CF0053DB6D /* LaunchScreen.storyboard in Resources */,
				8273B4C725CE09CF0053DB6D /* Assets.xcassets in Resources */,
				8273B4C525CE09CE0053DB6D /* Main.storyboard in Resources */,
			);
			runOnlyForDeploymentPostprocessing = 0;
		};
		8273B4CE25CE09CF0053DB6D /* Resources */ = {
			isa = PBXResourcesBuildPhase;
			buildActionMask = 2147483647;
			files = (
			);
			runOnlyForDeploymentPostprocessing = 0;
		};
		8273B4D925CE09CF0053DB6D /* Resources */ = {
			isa = PBXResourcesBuildPhase;
			buildActionMask = 2147483647;
			files = (
			);
			runOnlyForDeploymentPostprocessing = 0;
		};
/* End PBXResourcesBuildPhase section */

/* Begin PBXSourcesBuildPhase section */
		8273B4B625CE09CE0053DB6D /* Sources */ = {
			isa = PBXSourcesBuildPhase;
			buildActionMask = 2147483647;
			files = (
				8273B4EF25CE11710053DB6D /* Meal.swift in Sources */,
				8273B4C225CE09CE0053DB6D /* MealTableViewController.swift in Sources */,
				8273B4F225CE15B50053DB6D /* MealTableViewCell.swift in Sources */,
				8273B4BE25CE09CE0053DB6D /* AppDelegate.swift in Sources */,
				8273B4F425CE16FA0053DB6D /* RatingControl.swift in Sources */,
				8273B4C025CE09CE0053DB6D /* SceneDelegate.swift in Sources */,
				8273B4FB25CE3F9D0053DB6D /* MealViewController.swift in Sources */,
			);
			runOnlyForDeploymentPostprocessing = 0;
		};
		8273B4CC25CE09CF0053DB6D /* Sources */ = {
			isa = PBXSourcesBuildPhase;
			buildActionMask = 2147483647;
			files = (
				8273B4D525CE09CF0053DB6D /* somali_iosTests.swift in Sources */,
			);
			runOnlyForDeploymentPostprocessing = 0;
		};
		8273B4D725CE09CF0053DB6D /* Sources */ = {
			isa = PBXSourcesBuildPhase;
			buildActionMask = 2147483647;
			files = (
				8273B4E025CE09CF0053DB6D /* somali_iosUITests.swift in Sources */,
			);
			runOnlyForDeploymentPostprocessing = 0;
		};
/* End PBXSourcesBuildPhase section */

/* Begin PBXTargetDependency section */
		8273B4D225CE09CF0053DB6D /* PBXTargetDependency */ = {
			isa = PBXTargetDependency;
			target = 8273B4B925CE09CE0053DB6D /* somali-ios */;
			targetProxy = 8273B4D125CE09CF0053DB6D /* PBXContainerItemProxy */;
		};
		8273B4DD25CE09CF0053DB6D /* PBXTargetDependency */ = {
			isa = PBXTargetDependency;
			target = 8273B4B925CE09CE0053DB6D /* somali-ios */;
			targetProxy = 8273B4DC25CE09CF0053DB6D /* PBXContainerItemProxy */;
		};
/* End PBXTargetDependency section */

/* Begin PBXVariantGroup section */
		8273B4C325CE09CE0053DB6D /* Main.storyboard */ = {
			isa = PBXVariantGroup;
			children = (
				8273B4C425CE09CE0053DB6D /* Base */,
			);
			name = Main.storyboard;
			sourceTree = "<group>";
		};
		8273B4C825CE09CF0053DB6D /* LaunchScreen.storyboard */ = {
			isa = PBXVariantGroup;
			children = (
				8273B4C925CE09CF0053DB6D /* Base */,
			);
			name = LaunchScreen.storyboard;
			sourceTree = "<group>";
		};
/* End PBXVariantGroup section */

/* Begin XCBuildConfiguration section */
		8273B4E225CE09CF0053DB6D /* Debug */ = {
			isa = XCBuildConfiguration;
			buildSettings = {
				ALWAYS_SEARCH_USER_PATHS = NO;
				CLANG_ANALYZER_NONNULL = YES;
				CLANG_ANALYZER_NUMBER_OBJECT_CONVERSION = YES_AGGRESSIVE;
				CLANG_CXX_LANGUAGE_STANDARD = "gnu++14";
				CLANG_CXX_LIBRARY = "libc++";
				CLANG_ENABLE_MODULES = YES;
				CLANG_ENABLE_OBJC_ARC = YES;
				CLANG_ENABLE_OBJC_WEAK = YES;
				CLANG_WARN_BLOCK_CAPTURE_AUTORELEASING = YES;
				CLANG_WARN_BOOL_CONVERSION = YES;
				CLANG_WARN_COMMA = YES;
				CLANG_WARN_CONSTANT_CONVERSION = YES;
				CLANG_WARN_DEPRECATED_OBJC_IMPLEMENTATIONS = YES;
				CLANG_WARN_DIRECT_OBJC_ISA_USAGE = YES_ERROR;
				CLANG_WARN_DOCUMENTATION_COMMENTS = YES;
				CLANG_WARN_EMPTY_BODY = YES;
				CLANG_WARN_ENUM_CONVERSION = YES;
				CLANG_WARN_INFINITE_RECURSION = YES;
				CLANG_WARN_INT_CONVERSION = YES;
				CLANG_WARN_NON_LITERAL_NULL_CONVERSION = YES;
				CLANG_WARN_OBJC_IMPLICIT_RETAIN_SELF = YES;
				CLANG_WARN_OBJC_LITERAL_CONVERSION = YES;
				CLANG_WARN_OBJC_ROOT_CLASS = YES_ERROR;
				CLANG_WARN_RANGE_LOOP_ANALYSIS = YES;
				CLANG_WARN_STRICT_PROTOTYPES = YES;
				CLANG_WARN_SUSPICIOUS_MOVE = YES;
				CLANG_WARN_UNGUARDED_AVAILABILITY = YES_AGGRESSIVE;
				CLANG_WARN_UNREACHABLE_CODE = YES;
				CLANG_WARN__DUPLICATE_METHOD_MATCH = YES;
				COPY_PHASE_STRIP = NO;
				DEBUG_INFORMATION_FORMAT = dwarf;
				ENABLE_STRICT_OBJC_MSGSEND = YES;
				ENABLE_TESTABILITY = YES;
				GCC_C_LANGUAGE_STANDARD = gnu11;
				GCC_DYNAMIC_NO_PIC = NO;
				GCC_NO_COMMON_BLOCKS = YES;
				GCC_OPTIMIZATION_LEVEL = 0;
				GCC_PREPROCESSOR_DEFINITIONS = (
					"DEBUG=1",
					"$(inherited)",
				);
				GCC_WARN_64_TO_32_BIT_CONVERSION = YES;
				GCC_WARN_ABOUT_RETURN_TYPE = YES_ERROR;
				GCC_WARN_UNDECLARED_SELECTOR = YES;
				GCC_WARN_UNINITIALIZED_AUTOS = YES_AGGRESSIVE;
				GCC_WARN_UNUSED_FUNCTION = YES;
				GCC_WARN_UNUSED_VARIABLE = YES;
				IPHONEOS_DEPLOYMENT_TARGET = 13.2;
				MTL_ENABLE_DEBUG_INFO = INCLUDE_SOURCE;
				MTL_FAST_MATH = YES;
				ONLY_ACTIVE_ARCH = YES;
				SDKROOT = iphoneos;
				SWIFT_ACTIVE_COMPILATION_CONDITIONS = DEBUG;
				SWIFT_OPTIMIZATION_LEVEL = "-Onone";
			};
			name = Debug;
		};
		8273B4E325CE09CF0053DB6D /* Release */ = {
			isa = XCBuildConfiguration;
			buildSettings = {
				ALWAYS_SEARCH_USER_PATHS = NO;
				CLANG_ANALYZER_NONNULL = YES;
				CLANG_ANALYZER_NUMBER_OBJECT_CONVERSION = YES_AGGRESSIVE;
				CLANG_CXX_LANGUAGE_STANDARD = "gnu++14";
				CLANG_CXX_LIBRARY = "libc++";
				CLANG_ENABLE_MODULES = YES;
				CLANG_ENABLE_OBJC_ARC = YES;
				CLANG_ENABLE_OBJC_WEAK = YES;
				CLANG_WARN_BLOCK_CAPTURE_AUTORELEASING = YES;
				CLANG_WARN_BOOL_CONVERSION = YES;
				CLANG_WARN_COMMA = YES;
				CLANG_WARN_CONSTANT_CONVERSION = YES;
				CLANG_WARN_DEPRECATED_OBJC_IMPLEMENTATIONS = YES;
				CLANG_WARN_DIRECT_OBJC_ISA_USAGE = YES_ERROR;
				CLANG_WARN_DOCUMENTATION_COMMENTS = YES;
				CLANG_WARN_EMPTY_BODY = YES;
				CLANG_WARN_ENUM_CONVERSION = YES;
				CLANG_WARN_INFINITE_RECURSION = YES;
				CLANG_WARN_INT_CONVERSION = YES;
				CLANG_WARN_NON_LITERAL_NULL_CONVERSION = YES;
				CLANG_WARN_OBJC_IMPLICIT_RETAIN_SELF = YES;
				CLANG_WARN_OBJC_LITERAL_CONVERSION = YES;
				CLANG_WARN_OBJC_ROOT_CLASS = YES_ERROR;
				CLANG_WARN_RANGE_LOOP_ANALYSIS = YES;
				CLANG_WARN_STRICT_PROTOTYPES = YES;
				CLANG_WARN_SUSPICIOUS_MOVE = YES;
				CLANG_WARN_UNGUARDED_AVAILABILITY = YES_AGGRESSIVE;
				CLANG_WARN_UNREACHABLE_CODE = YES;
				CLANG_WARN__DUPLICATE_METHOD_MATCH = YES;
				COPY_PHASE_STRIP = NO;
				DEBUG_INFORMATION_FORMAT = "dwarf-with-dsym";
				ENABLE_NS_ASSERTIONS = NO;
				ENABLE_STRICT_OBJC_MSGSEND = YES;
				GCC_C_LANGUAGE_STANDARD = gnu11;
				GCC_NO_COMMON_BLOCKS = YES;
				GCC_WARN_64_TO_32_BIT_CONVERSION = YES;
				GCC_WARN_ABOUT_RETURN_TYPE = YES_ERROR;
				GCC_WARN_UNDECLARED_SELECTOR = YES;
				GCC_WARN_UNINITIALIZED_AUTOS = YES_AGGRESSIVE;
				GCC_WARN_UNUSED_FUNCTION = YES;
				GCC_WARN_UNUSED_VARIABLE = YES;
				IPHONEOS_DEPLOYMENT_TARGET = 13.2;
				MTL_ENABLE_DEBUG_INFO = NO;
				MTL_FAST_MATH = YES;
				SDKROOT = iphoneos;
				SWIFT_COMPILATION_MODE = wholemodule;
				SWIFT_OPTIMIZATION_LEVEL = "-O";
				VALIDATE_PRODUCT = YES;
			};
			name = Release;
		};
		8273B4E525CE09CF0053DB6D /* Debug */ = {
			isa = XCBuildConfiguration;
			buildSettings = {
				ASSETCATALOG_COMPILER_APPICON_NAME = AppIcon;
				CODE_SIGN_STYLE = Automatic;
				INFOPLIST_FILE = "somali-ios/Info.plist";
				LD_RUNPATH_SEARCH_PATHS = (
					"$(inherited)",
					"@executable_path/Frameworks",
				);
				PRODUCT_BUNDLE_IDENTIFIER = "somali.somali-ios";
				PRODUCT_NAME = "$(TARGET_NAME)";
				SWIFT_VERSION = 5.0;
				TARGETED_DEVICE_FAMILY = "1,2";
			};
			name = Debug;
		};
		8273B4E625CE09CF0053DB6D /* Release */ = {
			isa = XCBuildConfiguration;
			buildSettings = {
				ASSETCATALOG_COMPILER_APPICON_NAME = AppIcon;
				CODE_SIGN_STYLE = Automatic;
				INFOPLIST_FILE = "somali-ios/Info.plist";
				LD_RUNPATH_SEARCH_PATHS = (
					"$(inherited)",
					"@executable_path/Frameworks",
				);
				PRODUCT_BUNDLE_IDENTIFIER = "somali.somali-ios";
				PRODUCT_NAME = "$(TARGET_NAME)";
				SWIFT_VERSION = 5.0;
				TARGETED_DEVICE_FAMILY = "1,2";
			};
			name = Release;
		};
		8273B4E825CE09CF0053DB6D /* Debug */ = {
			isa = XCBuildConfiguration;
			buildSettings = {
				ALWAYS_EMBED_SWIFT_STANDARD_LIBRARIES = YES;
				BUNDLE_LOADER = "$(TEST_HOST)";
				CODE_SIGN_STYLE = Automatic;
				INFOPLIST_FILE = "somali-iosTests/Info.plist";
				IPHONEOS_DEPLOYMENT_TARGET = 13.2;
				LD_RUNPATH_SEARCH_PATHS = (
					"$(inherited)",
					"@executable_path/Frameworks",
					"@loader_path/Frameworks",
				);
				PRODUCT_BUNDLE_IDENTIFIER = "somali.somali-iosTests";
				PRODUCT_NAME = "$(TARGET_NAME)";
				SWIFT_VERSION = 5.0;
				TARGETED_DEVICE_FAMILY = "1,2";
				TEST_HOST = "$(BUILT_PRODUCTS_DIR)/somali-ios.app/somali-ios";
			};
			name = Debug;
		};
		8273B4E925CE09CF0053DB6D /* Release */ = {
			isa = XCBuildConfiguration;
			buildSettings = {
				ALWAYS_EMBED_SWIFT_STANDARD_LIBRARIES = YES;
				BUNDLE_LOADER = "$(TEST_HOST)";
				CODE_SIGN_STYLE = Automatic;
				INFOPLIST_FILE = "somali-iosTests/Info.plist";
				IPHONEOS_DEPLOYMENT_TARGET = 13.2;
				LD_RUNPATH_SEARCH_PATHS = (
					"$(inherited)",
					"@executable_path/Frameworks",
					"@loader_path/Frameworks",
				);
				PRODUCT_BUNDLE_IDENTIFIER = "somali.somali-iosTests";
				PRODUCT_NAME = "$(TARGET_NAME)";
				SWIFT_VERSION = 5.0;
				TARGETED_DEVICE_FAMILY = "1,2";
				TEST_HOST = "$(BUILT_PRODUCTS_DIR)/somali-ios.app/somali-ios";
			};
			name = Release;
		};
		8273B4EB25CE09CF0053DB6D /* Debug */ = {
			isa = XCBuildConfiguration;
			buildSettings = {
				ALWAYS_EMBED_SWIFT_STANDARD_LIBRARIES = YES;
				CODE_SIGN_STYLE = Automatic;
				INFOPLIST_FILE = "somali-iosUITests/Info.plist";
				LD_RUNPATH_SEARCH_PATHS = (
					"$(inherited)",
					"@executable_path/Frameworks",
					"@loader_path/Frameworks",
				);
				PRODUCT_BUNDLE_IDENTIFIER = "somali.somali-iosUITests";
				PRODUCT_NAME = "$(TARGET_NAME)";
				SWIFT_VERSION = 5.0;
				TARGETED_DEVICE_FAMILY = "1,2";
				TEST_TARGET_NAME = "somali-ios";
			};
			name = Debug;
		};
		8273B4EC25CE09CF0053DB6D /* Release */ = {
			isa = XCBuildConfiguration;
			buildSettings = {
				ALWAYS_EMBED_SWIFT_STANDARD_LIBRARIES = YES;
				CODE_SIGN_STYLE = Automatic;
				INFOPLIST_FILE = "somali-iosUITests/Info.plist";
				LD_RUNPATH_SEARCH_PATHS = (
					"$(inherited)",
					"@executable_path/Frameworks",
					"@loader_path/Frameworks",
				);
				PRODUCT_BUNDLE_IDENTIFIER = "somali.somali-iosUITests";
				PRODUCT_NAME = "$(TARGET_NAME)";
				SWIFT_VERSION = 5.0;
				TARGETED_DEVICE_FAMILY = "1,2";
				TEST_TARGET_NAME = "somali-ios";
			};
			name = Release;
		};
/* End XCBuildConfiguration section */

/* Begin XCConfigurationList section */
		8273B4B525CE09CE0053DB6D /* Build configuration list for PBXProject "somali-ios" */ = {
			isa = XCConfigurationList;
			buildConfigurations = (
				8273B4E225CE09CF0053DB6D /* Debug */,
				8273B4E325CE09CF0053DB6D /* Release */,
			);
			defaultConfigurationIsVisible = 0;
			defaultConfigurationName = Release;
		};
		8273B4E425CE09CF0053DB6D /* Build configuration list for PBXNativeTarget "somali-ios" */ = {
			isa = XCConfigurationList;
			buildConfigurations = (
				8273B4E525CE09CF0053DB6D /* Debug */,
				8273B4E625CE09CF0053DB6D /* Release */,
			);
			defaultConfigurationIsVisible = 0;
			defaultConfigurationName = Release;
		};
		8273B4E725CE09CF0053DB6D /* Build configuration list for PBXNativeTarget "somali-iosTests" */ = {
			isa = XCConfigurationList;
			buildConfigurations = (
				8273B4E825CE09CF0053DB6D /* Debug */,
				8273B4E925CE09CF0053DB6D /* Release */,
			);
			defaultConfigurationIsVisible = 0;
			defaultConfigurationName = Release;
		};
		8273B4EA25CE09CF0053DB6D /* Build configuration list for PBXNativeTarget "somali-iosUITests" */ = {
			isa = XCConfigurationList;
			buildConfigurations = (
				8273B4EB25CE09CF0053DB6D /* Debug */,
				8273B4EC25CE09CF0053DB6D /* Release */,
			);
			defaultConfigurationIsVisible = 0;
			defaultConfigurationName = Release;
		};
/* End XCConfigurationList section */
	};
	rootObject = 8273B4B225CE09CE0053DB6D /* Project object */;
}
